// !$*UTF8*$!
{
	archiveVersion = 1;
	classes = {
	};
	objectVersion = 77;
	objects = {

/* Begin PBXBuildFile section */
		AF9307812F83BAB500BBED82 /* MCEmojiPicker in Frameworks */ = {isa = PBXBuildFile; productRef = AF9307802F83BAB500BBED82 /* MCEmojiPicker */; };
		AF9307832F83BAB500BBED82 /* MCEmojiPickerJSON in Frameworks */ = {isa = PBXBuildFile; productRef = AF9307822F83BAB500BBED82 /* MCEmojiPickerJSON */; };
/* End PBXBuildFile section */

/* Begin PBXContainerItemProxy section */
		AF80DF1D2F78C790000742D9 /* PBXContainerItemProxy */ = {
			isa = PBXContainerItemProxy;
			containerPortal = AF80DF072F78C78F000742D9 /* Project object */;
			proxyType = 1;
			remoteGlobalIDString = AF80DF0E2F78C78F000742D9;
			remoteInfo = HabitDice;
		};
		AF80DF272F78C790000742D9 /* PBXContainerItemProxy */ = {
			isa = PBXContainerItemProxy;
			containerPortal = AF80DF072F78C78F000742D9 /* Project object */;
			proxyType = 1;
			remoteGlobalIDString = AF80DF0E2F78C78F000742D9;
			remoteInfo = HabitDice;
		};
/* End PBXContainerItemProxy section */

/* Begin PBXFileReference section */
		AF80DF0F2F78C78F000742D9 /* HabitDice.app */ = {isa = PBXFileReference; explicitFileType = wrapper.application; includeInIndex = 0; path = HabitDice.app; sourceTree = BUILT_PRODUCTS_DIR; };
		AF80DF1C2F78C790000742D9 /* HabitDiceTests.xctest */ = {isa = PBXFileReference; explicitFileType = wrapper.cfbundle; includeInIndex = 0; path = HabitDiceTests.xctest; sourceTree = BUILT_PRODUCTS_DIR; };
		AF80DF262F78C790000742D9 /* HabitDiceUITests.xctest */ = {isa = PBXFileReference; explicitFileType = wrapper.cfbundle; includeInIndex = 0; path = HabitDiceUITests.xctest; sourceTree = BUILT_PRODUCTS_DIR; };
/* End PBXFileReference section */

/* Begin PBXFileSystemSynchronizedRootGroup section */
		AF80DF112F78C78F000742D9 /* HabitDice */ = {
			isa = PBXFileSystemSynchronizedRootGroup;
			path = HabitDice;
			sourceTree = "<group>";
		};
		AF80DF1F2F78C790000742D9 /* HabitDiceTests */ = {
			isa = PBXFileSystemSynchronizedRootGroup;
			path = HabitDiceTests;
			sourceTree = "<group>";
		};
		AF80DF292F78C790000742D9 /* HabitDiceUITests */ = {
			isa = PBXFileSystemSynchronizedRootGroup;
			path = HabitDiceUITests;
			sourceTree = "<group>";
		};
/* End PBXFileSystemSynchronizedRootGroup section */

/* Begin PBXFrameworksBuildPhase section */
		AF80DF0C2F78C78F000742D9 /* Frameworks */ = {
			isa = PBXFrameworksBuildPhase;
			buildActionMask = 2147483647;
			files = (
				AF9307812F83BAB500BBED82 /* MCEmojiPicker in Frameworks */,
				AF9307832F83BAB500BBED82 /* MCEmojiPickerJSON in Frameworks */,
			);
			runOnlyForDeploymentPostprocessing = 0;
		};
		AF80DF192F78C790000742D9 /* Frameworks */ = {
			isa = PBXFrameworksBuildPhase;
			buildActionMask = 2147483647;
			files = (
			);
			runOnlyForDeploymentPostprocessing = 0;
		};
		AF80DF232F78C790000742D9 /* Frameworks */ = {
			isa = PBXFrameworksBuildPhase;
			buildActionMask = 2147483647;
			files = (
			);
			runOnlyForDeploymentPostprocessing = 0;
		};
/* End PBXFrameworksBuildPhase section */

/* Begin PBXGroup section */
		AF80DF062F78C78F000742D9 = {
			isa = PBXGroup;
			children = (
				AF80DF112F78C78F000742D9 /* HabitDice */,
				AF80DF1F2F78C790000742D9 /* HabitDiceTests */,
				AF80DF292F78C790000742D9 /* HabitDiceUITests */,
				AF80DF102F78C78F000742D9 /* Products */,
			);
			sourceTree = "<group>";
		};
		AF80DF102F78C78F000742D9 /* Products */ = {
			isa = PBXGroup;
			children = (
				AF80DF0F2F78C78F000742D9 /* HabitDice.app */,
				AF80DF1C2F78C790000742D9 /* HabitDiceTests.xctest */,
				AF80DF262F78C790000742D9 /* HabitDiceUITests.xctest */,
			);
			name = Products;
			sourceTree = "<group>";
		};
/* End PBXGroup section */

/* Begin PBXNativeTarget section */
		AF80DF0E2F78C78F000742D9 /* HabitDice */ = {
			isa = PBXNativeTarget;
			buildConfigurationList = AF80DF302F78C790000742D9 /* Build configuration list for PBXNativeTarget "HabitDice" */;
			buildPhases = (
				AF80DF0B2F78C78F000742D9 /* Sources */,
				AF80DF0C2F78C78F000742D9 /* Frameworks */,
				AF80DF0D2F78C78F000742D9 /* Resources */,
			);
			buildRules = (
			);
			dependencies = (
			);
			fileSystemSynchronizedGroups = (
				AF80DF112F78C78F000742D9 /* HabitDice */,
			);
			name = HabitDice;
			packageProductDependencies = (
				AF9307802F83BAB500BBED82 /* MCEmojiPicker */,
				AF9307822F83BAB500BBED82 /* MCEmojiPickerJSON */,
			);
			productName = HabitDice;
			productReference = AF80DF0F2F78C78F000742D9 /* HabitDice.app */;
			productType = "com.apple.product-type.application";
		};
		AF80DF1B2F78C790000742D9 /* HabitDiceTests */ = {
			isa = PBXNativeTarget;
			buildConfigurationList = AF80DF332F78C790000742D9 /* Build configuration list for PBXNativeTarget "HabitDiceTests" */;
			buildPhases = (
				AF80DF182F78C790000742D9 /* Sources */,
				AF80DF192F78C790000742D9 /* Frameworks */,
				AF80DF1A2F78C790000742D9 /* Resources */,
			);
			buildRules = (
			);
			dependencies = (
				AF80DF1E2F78C790000742D9 /* PBXTargetDependency */,
			);
			fileSystemSynchronizedGroups = (
				AF80DF1F2F78C790000742D9 /* HabitDiceTests */,
			);
			name = HabitDiceTests;
			packageProductDependencies = (
			);
			productName = HabitDiceTests;
			productReference = AF80DF1C2F78C790000742D9 /* HabitDiceTests.xctest */;
			productType = "com.apple.product-type.bundle.unit-test";
		};
		AF80DF252F78C790000742D9 /* HabitDiceUITests */ = {
			isa = PBXNativeTarget;
			buildConfigurationList = AF80DF362F78C790000742D9 /* Build configuration list for PBXNativeTarget "HabitDiceUITests" */;
			buildPhases = (
				AF80DF222F78C790000742D9 /* Sources */,
				AF80DF232F78C790000742D9 /* Frameworks */,
				AF80DF242F78C790000742D9 /* Resources */,
			);
			buildRules = (
			);
			dependencies = (
				AF80DF282F78C790000742D9 /* PBXTargetDependency */,
			);
			fileSystemSynchronizedGroups = (
				AF80DF292F78C790000742D9 /* HabitDiceUITests */,
			);
			name = HabitDiceUITests;
			packageProductDependencies = (
			);
			productName = HabitDiceUITests;
			productReference = AF80DF262F78C790000742D9 /* HabitDiceUITests.xctest */;
			productType = "com.apple.product-type.bundle.ui-testing";
		};
/* End PBXNativeTarget section */

/* Begin PBXProject section */
		AF80DF072F78C78F000742D9 /* Project object */ = {
			isa = PBXProject;
			attributes = {
				BuildIndependentTargetsInParallel = 1;
				LastSwiftUpdateCheck = 2630;
				LastUpgradeCheck = 2630;
				TargetAttributes = {
					AF80DF0E2F78C78F000742D9 = {
						CreatedOnToolsVersion = 26.3;
					};
					AF80DF1B2F78C790000742D9 = {
						CreatedOnToolsVersion = 26.3;
						TestTargetID = AF80DF0E2F78C78F000742D9;
					};
					AF80DF252F78C790000742D9 = {
						CreatedOnToolsVersion = 26.3;
						TestTargetID = AF80DF0E2F78C78F000742D9;
					};
				};
			};
			buildConfigurationList = AF80DF0A2F78C78F000742D9 /* Build configuration list for PBXProject "HabitDice" */;
			developmentRegion = ko;
			hasScannedForEncodings = 0;
			knownRegions = (
				Base,
				ko,
			);
			mainGroup = AF80DF062F78C78F000742D9;
			minimizedProjectReferenceProxies = 1;
			packageReferences = (
				AF93077F2F83BAB500BBED82 /* XCRemoteSwiftPackageReference "MCEmojiPicker" */,
			);
			preferredProjectObjectVersion = 77;
			productRefGroup = AF80DF102F78C78F000742D9 /* Products */;
			projectDirPath = "";
			projectRoot = "";
			targets = (
				AF80DF0E2F78C78F000742D9 /* HabitDice */,
				AF80DF1B2F78C790000742D9 /* HabitDiceTests */,
				AF80DF252F78C790000742D9 /* HabitDiceUITests */,
			);
		};
/* End PBXProject section */

/* Begin PBXResourcesBuildPhase section */
		AF80DF0D2F78C78F000742D9 /* Resources */ = {
			isa = PBXResourcesBuildPhase;
			buildActionMask = 2147483647;
			files = (
			);
			runOnlyForDeploymentPostprocessing = 0;
		};
		AF80DF1A2F78C790000742D9 /* Resources */ = {
			isa = PBXResourcesBuildPhase;
			buildActionMask = 2147483647;
			files = (
			);
			runOnlyForDeploymentPostprocessing = 0;
		};
		AF80DF242F78C790000742D9 /* Resources */ = {
			isa = PBXResourcesBuildPhase;
			buildActionMask = 2147483647;
			files = (
			);
			runOnlyForDeploymentPostprocessing = 0;
		};
/* End PBXResourcesBuildPhase section */

/* Begin PBXSourcesBuildPhase section */
		AF80DF0B2F78C78F000742D9 /* Sources */ = {
			isa = PBXSourcesBuildPhase;
			buildActionMask = 2147483647;
			files = (
			);
			runOnlyForDeploymentPostprocessing = 0;
		};
		AF80DF182F78C790000742D9 /* Sources */ = {
			isa = PBXSourcesBuildPhase;
			buildActionMask = 2147483647;
			files = (
			);
			runOnlyForDeploymentPostprocessing = 0;
		};
		AF80DF222F78C790000742D9 /* Sources */ = {
			isa = PBXSourcesBuildPhase;
			buildActionMask = 2147483647;
			files = (
			);
			runOnlyForDeploymentPostprocessing = 0;
		};
/* End PBXSourcesBuildPhase section */

/* Begin PBXTargetDependency section */
		AF80DF1E2F78C790000742D9 /* PBXTargetDependency */ = {
			isa = PBXTargetDependency;
			target = AF80DF0E2F78C78F000742D9 /* HabitDice */;
			targetProxy = AF80DF1D2F78C790000742D9 /* PBXContainerItemProxy */;
		};
		AF80DF282F78C790000742D9 /* PBXTargetDependency */ = {
			isa = PBXTargetDependency;
			target = AF80DF0E2F78C78F000742D9 /* HabitDice */;
			targetProxy = AF80DF272F78C790000742D9 /* PBXContainerItemProxy */;
		};
/* End PBXTargetDependency section */

/* Begin XCBuildConfiguration section */
		AF80DF2E2F78C790000742D9 /* Debug */ = {
			isa = XCBuildConfiguration;
			buildSettings = {
				ALWAYS_SEARCH_USER_PATHS = NO;
				ASSETCATALOG_COMPILER_GENERATE_SWIFT_ASSET_SYMBOL_EXTENSIONS = YES;
				CLANG_ANALYZER_NONNULL = YES;
				CLANG_ANALYZER_NUMBER_OBJECT_CONVERSION = YES_AGGRESSIVE;
				CLANG_CXX_LANGUAGE_STANDARD = "gnu++20";
				CLANG_ENABLE_MODULES = YES;
				CLANG_ENABLE_OBJC_ARC = YES;
				CLANG_ENABLE_OBJC_WEAK = YES;
				CLANG_WARN_BLOCK_CAPTURE_AUTORELEASING = YES;
				CLANG_WARN_BOOL_CONVERSION = YES;
				CLANG_WARN_COMMA = YES;
				CLANG_WARN_CONSTANT_CONVERSION = YES;
				CLANG_WARN_DEPRECATED_OBJC_IMPLEMENTATIONS = YES;
				CLANG_WARN_DIRECT_OBJC_ISA_USAGE = YES_ERROR;
				CLANG_WARN_DOCUMENTATION_COMMENTS = YES;
				CLANG_WARN_EMPTY_BODY = YES;
				CLANG_WARN_ENUM_CONVERSION = YES;
				CLANG_WARN_INFINITE_RECURSION = YES;
				CLANG_WARN_INT_CONVERSION = YES;
				CLANG_WARN_NON_LITERAL_NULL_CONVERSION = YES;
				CLANG_WARN_OBJC_IMPLICIT_RETAIN_SELF = YES;
				CLANG_WARN_OBJC_LITERAL_CONVERSION = YES;
				CLANG_WARN_OBJC_ROOT_CLASS = YES_ERROR;
				CLANG_WARN_QUOTED_INCLUDE_IN_FRAMEWORK_HEADER = YES;
				CLANG_WARN_RANGE_LOOP_ANALYSIS = YES;
				CLANG_WARN_STRICT_PROTOTYPES = YES;
				CLANG_WARN_SUSPICIOUS_MOVE = YES;
				CLANG_WARN_UNGUARDED_AVAILABILITY = YES_AGGRESSIVE;
				CLANG_WARN_UNREACHABLE_CODE = YES;
				CLANG_WARN__DUPLICATE_METHOD_MATCH = YES;
				COPY_PHASE_STRIP = NO;
				DEBUG_INFORMATION_FORMAT = dwarf;
				DEVELOPMENT_TEAM = P9NXT375QP;
				ENABLE_STRICT_OBJC_MSGSEND = YES;
				ENABLE_TESTABILITY = YES;
				ENABLE_USER_SCRIPT_SANDBOXING = YES;
				GCC_C_LANGUAGE_STANDARD = gnu17;
				GCC_DYNAMIC_NO_PIC = NO;
				GCC_NO_COMMON_BLOCKS = YES;
				GCC_OPTIMIZATION_LEVEL = 0;
				GCC_PREPROCESSOR_DEFINITIONS = (
					"DEBUG=1",
					"$(inherited)",
				);
				GCC_WARN_64_TO_32_BIT_CONVERSION = YES;
				GCC_WARN_ABOUT_RETURN_TYPE = YES_ERROR;
				GCC_WARN_UNDECLARED_SELECTOR = YES;
				GCC_WARN_UNINITIALIZED_AUTOS = YES_AGGRESSIVE;
				GCC_WARN_UNUSED_FUNCTION = YES;
				GCC_WARN_UNUSED_VARIABLE = YES;
				IPHONEOS_DEPLOYMENT_TARGET = 26.2;
				LOCALIZATION_PREFERS_STRING_CATALOGS = YES;
				MTL_ENABLE_DEBUG_INFO = INCLUDE_SOURCE;
				MTL_FAST_MATH = YES;
				ONLY_ACTIVE_ARCH = YES;
				SDKROOT = iphoneos;
				SWIFT_ACTIVE_COMPILATION_CONDITIONS = "DEBUG $(inherited)";
				SWIFT_OPTIMIZATION_LEVEL = "-Onone";
			};
			name = Debug;
		};
		AF80DF2F2F78C790000742D9 /* Release */ = {
			isa = XCBuildConfiguration;
			buildSettings = {
				ALWAYS_SEARCH_USER_PATHS = NO;
				ASSETCATALOG_COMPILER_GENERATE_SWIFT_ASSET_SYMBOL_EXTENSIONS = YES;
				CLANG_ANALYZER_NONNULL = YES;
				CLANG_ANALYZER_NUMBER_OBJECT_CONVERSION = YES_AGGRESSIVE;
				CLANG_CXX_LANGUAGE_STANDARD = "gnu++20";
				CLANG_ENABLE_MODULES = YES;
				CLANG_ENABLE_OBJC_ARC = YES;
				CLANG_ENABLE_OBJC_WEAK = YES;
				CLANG_WARN_BLOCK_CAPTURE_AUTORELEASING = YES;
				CLANG_WARN_BOOL_CONVERSION = YES;
				CLANG_WARN_COMMA = YES;
				CLANG_WARN_CONSTANT_CONVERSION = YES;
				CLANG_WARN_DEPRECATED_OBJC_IMPLEMENTATIONS = YES;
				CLANG_WARN_DIRECT_OBJC_ISA_USAGE = YES_ERROR;
				CLANG_WARN_DOCUMENTATION_COMMENTS = YES;
				CLANG_WARN_EMPTY_BODY = YES;
				CLANG_WARN_ENUM_CONVERSION = YES;
				CLANG_WARN_INFINITE_RECURSION = YES;
				CLANG_WARN_INT_CONVERSION = YES;
				CLANG_WARN_NON_LITERAL_NULL_CONVERSION = YES;
				CLANG_WARN_OBJC_IMPLICIT_RETAIN_SELF = YES;
				CLANG_WARN_OBJC_LITERAL_CONVERSION = YES;
				CLANG_WARN_OBJC_ROOT_CLASS = YES_ERROR;
				CLANG_WARN_QUOTED_INCLUDE_IN_FRAMEWORK_HEADER = YES;
				CLANG_WARN_RANGE_LOOP_ANALYSIS = YES;
				CLANG_WARN_STRICT_PROTOTYPES = YES;
				CLANG_WARN_SUSPICIOUS_MOVE = YES;
				CLANG_WARN_UNGUARDED_AVAILABILITY = YES_AGGRESSIVE;
				CLANG_WARN_UNREACHABLE_CODE = YES;
				CLANG_WARN__DUPLICATE_METHOD_MATCH = YES;
				COPY_PHASE_STRIP = NO;
				DEBUG_INFORMATION_FORMAT = "dwarf-with-dsym";
				DEVELOPMENT_TEAM = P9NXT375QP;
				ENABLE_NS_ASSERTIONS = NO;
				ENABLE_STRICT_OBJC_MSGSEND = YES;
				ENABLE_USER_SCRIPT_SANDBOXING = YES;
				GCC_C_LANGUAGE_STANDARD = gnu17;
				GCC_NO_COMMON_BLOCKS = YES;
				GCC_WARN_64_TO_32_BIT_CONVERSION = YES;
				GCC_WARN_ABOUT_RETURN_TYPE = YES_ERROR;
				GCC_WARN_UNDECLARED_SELECTOR = YES;
				GCC_WARN_UNINITIALIZED_AUTOS = YES_AGGRESSIVE;
				GCC_WARN_UNUSED_FUNCTION = YES;
				GCC_WARN_UNUSED_VARIABLE = YES;
				IPHONEOS_DEPLOYMENT_TARGET = 26.2;
				LOCALIZATION_PREFERS_STRING_CATALOGS = YES;
				MTL_ENABLE_DEBUG_INFO = NO;
				MTL_FAST_MATH = YES;
				SDKROOT = iphoneos;
				SWIFT_COMPILATION_MODE = wholemodule;
				VALIDATE_PRODUCT = YES;
			};
			name = Release;
		};
		AF80DF312F78C790000742D9 /* Debug */ = {
			isa = XCBuildConfiguration;
			buildSettings = {
				ASSETCATALOG_COMPILER_APPICON_NAME = AppIcon;
				ASSETCATALOG_COMPILER_GLOBAL_ACCENT_COLOR_NAME = AccentColor;
				CODE_SIGN_STYLE = Automatic;
				CURRENT_PROJECT_VERSION = 1;
				DEVELOPMENT_TEAM = P9NXT375QP;
				ENABLE_PREVIEWS = YES;
				GENERATE_INFOPLIST_FILE = YES;
				INFOPLIST_KEY_CFBundleDisplayName = "습관굴림";
				INFOPLIST_KEY_LSApplicationCategoryType = "public.app-category.lifestyle";
				INFOPLIST_KEY_UIApplicationSceneManifest_Generation = YES;
				INFOPLIST_KEY_UIApplicationSupportsIndirectInputEvents = YES;
				INFOPLIST_KEY_UILaunchScreen_Generation = YES;
				INFOPLIST_KEY_UIStatusBarStyle = "";
				INFOPLIST_KEY_UISupportedInterfaceOrientations = UIInterfaceOrientationPortrait;
				LD_RUNPATH_SEARCH_PATHS = (
					"$(inherited)",
					"@executable_path/Frameworks",
				);
				MARKETING_VERSION = 1.0;
				PRODUCT_BUNDLE_IDENTIFIER = com.jungguenkwon.HabitDice;
				PRODUCT_NAME = "$(TARGET_NAME)";
				STRING_CATALOG_GENERATE_SYMBOLS = YES;
				SUPPORTED_PLATFORMS = "iphoneos iphonesimulator";
				SUPPORTS_MACCATALYST = NO;
				SUPPORTS_MAC_DESIGNED_FOR_IPHONE_IPAD = NO;
				SWIFT_APPROACHABLE_CONCURRENCY = YES;
				SWIFT_DEFAULT_ACTOR_ISOLATION = MainActor;
				SWIFT_EMIT_LOC_STRINGS = YES;
				SWIFT_UPCOMING_FEATURE_MEMBER_IMPORT_VISIBILITY = YES;
				SWIFT_VERSION = 5.0;
				TARGETED_DEVICE_FAMILY = "1,2";
			};
			name = Debug;
		};
		AF80DF322F78C790000742D9 /* Release */ = {
			isa = XCBuildConfiguration;
			buildSettings = {
				ASSETCATALOG_COMPILER_APPICON_NAME = AppIcon;
				ASSETCATALOG_COMPILER_GLOBAL_ACCENT_COLOR_NAME = AccentColor;
				CODE_SIGN_STYLE = Automatic;
				CURRENT_PROJECT_VERSION = 1;
				DEVELOPMENT_TEAM = P9NXT375QP;
				ENABLE_PREVIEWS = YES;
				GENERATE_INFOPLIST_FILE = YES;
				INFOPLIST_KEY_CFBundleDisplayName = "습관굴림";
				INFOPLIST_KEY_LSApplicationCategoryType = "public.app-category.lifestyle";
				INFOPLIST_KEY_UIApplicationSceneManifest_Generation = YES;
				INFOPLIST_KEY_UIApplicationSupportsIndirectInputEvents = YES;
				INFOPLIST_KEY_UILaunchScreen_Generation = YES;
				INFOPLIST_KEY_UIStatusBarStyle = "";
				INFOPLIST_KEY_UISupportedInterfaceOrientations = UIInterfaceOrientationPortrait;
				LD_RUNPATH_SEARCH_PATHS = (
					"$(inherited)",
					"@executable_path/Frameworks",
				);
				MARKETING_VERSION = 1.0;
				PRODUCT_BUNDLE_IDENTIFIER = com.jungguenkwon.HabitDice;
				PRODUCT_NAME = "$(TARGET_NAME)";
				STRING_CATALOG_GENERATE_SYMBOLS = YES;
				SUPPORTED_PLATFORMS = "iphoneos iphonesimulator";
				SUPPORTS_MACCATALYST = NO;
				SUPPORTS_MAC_DESIGNED_FOR_IPHONE_IPAD = NO;
				SWIFT_APPROACHABLE_CONCURRENCY = YES;
				SWIFT_DEFAULT_ACTOR_ISOLATION = MainActor;
				SWIFT_EMIT_LOC_STRINGS = YES;
				SWIFT_UPCOMING_FEATURE_MEMBER_IMPORT_VISIBILITY = YES;
				SWIFT_VERSION = 5.0;
				TARGETED_DEVICE_FAMILY = "1,2";
			};
			name = Release;
		};
		AF80DF342F78C790000742D9 /* Debug */ = {
			isa = XCBuildConfiguration;
			buildSettings = {
				BUNDLE_LOADER = "$(TEST_HOST)";
				CODE_SIGN_STYLE = Automatic;
				CURRENT_PROJECT_VERSION = 1;
				DEVELOPMENT_TEAM = P9NXT375QP;
				GENERATE_INFOPLIST_FILE = YES;
				IPHONEOS_DEPLOYMENT_TARGET = 26.2;
				MARKETING_VERSION = 1.0;
				PRODUCT_BUNDLE_IDENTIFIER = com.jungguenkwon.HabitDiceTests;
				PRODUCT_NAME = "$(TARGET_NAME)";
				STRING_CATALOG_GENERATE_SYMBOLS = NO;
				SWIFT_APPROACHABLE_CONCURRENCY = YES;
				SWIFT_EMIT_LOC_STRINGS = NO;
				SWIFT_UPCOMING_FEATURE_MEMBER_IMPORT_VISIBILITY = YES;
				SWIFT_VERSION = 5.0;
				TARGETED_DEVICE_FAMILY = "1,2";
				TEST_HOST = "$(BUILT_PRODUCTS_DIR)/HabitDice.app/$(BUNDLE_EXECUTABLE_FOLDER_PATH)/HabitDice";
			};
			name = Debug;
		};
		AF80DF352F78C790000742D9 /* Release */ = {
			isa = XCBuildConfiguration;
			buildSettings = {
				BUNDLE_LOADER = "$(TEST_HOST)";
				CODE_SIGN_STYLE = Automatic;
				CURRENT_PROJECT_VERSION = 1;
				DEVELOPMENT_TEAM = P9NXT375QP;
				GENERATE_INFOPLIST_FILE = YES;
				IPHONEOS_DEPLOYMENT_TARGET = 26.2;
				MARKETING_VERSION = 1.0;
				PRODUCT_BUNDLE_IDENTIFIER = com.jungguenkwon.HabitDiceTests;
				PRODUCT_NAME = "$(TARGET_NAME)";
				STRING_CATALOG_GENERATE_SYMBOLS = NO;
				SWIFT_APPROACHABLE_CONCURRENCY = YES;
				SWIFT_EMIT_LOC_STRINGS = NO;
				SWIFT_UPCOMING_FEATURE_MEMBER_IMPORT_VISIBILITY = YES;
				SWIFT_VERSION = 5.0;
				TARGETED_DEVICE_FAMILY = "1,2";
				TEST_HOST = "$(BUILT_PRODUCTS_DIR)/HabitDice.app/$(BUNDLE_EXECUTABLE_FOLDER_PATH)/HabitDice";
			};
			name = Release;
		};
		AF80DF372F78C790000742D9 /* Debug */ = {
			isa = XCBuildConfiguration;
			buildSettings = {
				CODE_SIGN_STYLE = Automatic;
				CURRENT_PROJECT_VERSION = 1;
				DEVELOPMENT_TEAM = P9NXT375QP;
				GENERATE_INFOPLIST_FILE = YES;
				MARKETING_VERSION = 1.0;
				PRODUCT_BUNDLE_IDENTIFIER = com.jungguenkwon.HabitDiceUITests;
				PRODUCT_NAME = "$(TARGET_NAME)";
				STRING_CATALOG_GENERATE_SYMBOLS = NO;
				SWIFT_APPROACHABLE_CONCURRENCY = YES;
				SWIFT_EMIT_LOC_STRINGS = NO;
				SWIFT_UPCOMING_FEATURE_MEMBER_IMPORT_VISIBILITY = YES;
				SWIFT_VERSION = 5.0;
				TARGETED_DEVICE_FAMILY = "1,2";
				TEST_TARGET_NAME = HabitDice;
			};
			name = Debug;
		};
		AF80DF382F78C790000742D9 /* Release */ = {
			isa = XCBuildConfiguration;
			buildSettings = {
				CODE_SIGN_STYLE = Automatic;
				CURRENT_PROJECT_VERSION = 1;
				DEVELOPMENT_TEAM = P9NXT375QP;
				GENERATE_INFOPLIST_FILE = YES;
				MARKETING_VERSION = 1.0;
				PRODUCT_BUNDLE_IDENTIFIER = com.jungguenkwon.HabitDiceUITests;
				PRODUCT_NAME = "$(TARGET_NAME)";
				STRING_CATALOG_GENERATE_SYMBOLS = NO;
				SWIFT_APPROACHABLE_CONCURRENCY = YES;
				SWIFT_EMIT_LOC_STRINGS = NO;
				SWIFT_UPCOMING_FEATURE_MEMBER_IMPORT_VISIBILITY = YES;
				SWIFT_VERSION = 5.0;
				TARGETED_DEVICE_FAMILY = "1,2";
				TEST_TARGET_NAME = HabitDice;
			};
			name = Release;
		};
/* End XCBuildConfiguration section */

/* Begin XCConfigurationList section */
		AF80DF0A2F78C78F000742D9 /* Build configuration list for PBXProject "HabitDice" */ = {
			isa = XCConfigurationList;
			buildConfigurations = (
				AF80DF2E2F78C790000742D9 /* Debug */,
				AF80DF2F2F78C790000742D9 /* Release */,
			);
			defaultConfigurationIsVisible = 0;
			defaultConfigurationName = Release;
		};
		AF80DF302F78C790000742D9 /* Build configuration list for PBXNativeTarget "HabitDice" */ = {
			isa = XCConfigurationList;
			buildConfigurations = (
				AF80DF312F78C790000742D9 /* Debug */,
				AF80DF322F78C790000742D9 /* Release */,
			);
			defaultConfigurationIsVisible = 0;
			defaultConfigurationName = Release;
		};
		AF80DF332F78C790000742D9 /* Build configuration list for PBXNativeTarget "HabitDiceTests" */ = {
			isa = XCConfigurationList;
			buildConfigurations = (
				AF80DF342F78C790000742D9 /* Debug */,
				AF80DF352F78C790000742D9 /* Release */,
			);
			defaultConfigurationIsVisible = 0;
			defaultConfigurationName = Release;
		};
		AF80DF362F78C790000742D9 /* Build configuration list for PBXNativeTarget "HabitDiceUITests" */ = {
			isa = XCConfigurationList;
			buildConfigurations = (
				AF80DF372F78C790000742D9 /* Debug */,
				AF80DF382F78C790000742D9 /* Release */,
			);
			defaultConfigurationIsVisible = 0;
			defaultConfigurationName = Release;
		};
/* End XCConfigurationList section */

/* Begin XCRemoteSwiftPackageReference section */
		AF93077F2F83BAB500BBED82 /* XCRemoteSwiftPackageReference "MCEmojiPicker" */ = {
			isa = XCRemoteSwiftPackageReference;
			repositoryURL = "https://github.com/Jeanno/MCEmojiPicker";
			requirement = {
				branch = main;
				kind = branch;
			};
		};
/* End XCRemoteSwiftPackageReference section */

/* Begin XCSwiftPackageProductDependency section */
		AF9307802F83BAB500BBED82 /* MCEmojiPicker */ = {
			isa = XCSwiftPackageProductDependency;
			package = AF93077F2F83BAB500BBED82 /* XCRemoteSwiftPackageReference "MCEmojiPicker" */;
			productName = MCEmojiPicker;
		};
		AF9307822F83BAB500BBED82 /* MCEmojiPickerJSON */ = {
			isa = XCSwiftPackageProductDependency;
			package = AF93077F2F83BAB500BBED82 /* XCRemoteSwiftPackageReference "MCEmojiPicker" */;
			productName = MCEmojiPickerJSON;
		};
/* End XCSwiftPackageProductDependency section */
	};
	rootObject = AF80DF072F78C78F000742D9 /* Project object */;
}
